
Microsoft Visual Studio Solution File, Format Version 12.00
# Visual Studio Version 17
VisualStudioVersion = 17.5.002.0
MinimumVisualStudioVersion = 10.0.40219.1
Project("{9A19103F-16F7-4668-BE54-9A1E7A4F7556}") = "C#Console", "C#Console\C#Console.csproj", "{10FEE42A-A688-48EE-A971-A397FB5FFEDA}"
EndProject
Global
	GlobalSection(SolutionConfigurationPlatforms) = preSolution
		Debug|Any CPU = Debug|Any CPU
		Release|Any CPU = Release|Any CPU
	EndGlobalSection
	GlobalSection(ProjectConfigurationPlatforms) = postSolution
		{10FEE42A-A688-48EE-A971-A397FB5FFEDA}.Debug|Any CPU.ActiveCfg = Debug|Any CPU
		{10FEE42A-A688-48EE-A971-A397FB5FFEDA}.Debug|Any CPU.Build.0 = Debug|Any CPU
		{10FEE42A-A688-48EE-A971-A397FB5FFEDA}.Release|Any CPU.ActiveCfg = Release|Any CPU
		{10FEE42A-A688-48EE-A971-A397FB5FFEDA}.Release|Any CPU.Build.0 = Release|Any CPU
	EndGlobalSection
	GlobalSection(SolutionProperties) = preSolution
		HideSolutionNode = FALSE
	EndGlobalSection
	GlobalSection(ExtensibilityGlobals) = postSolution
		SolutionGuid = {87FAF115-B306-4F55-81D2-B564BD05868B}
	EndGlobalSection
EndGlobal
